// !$*UTF8*$!
{
	archiveVersion = 1;
	classes = {
	};
	objectVersion = 56;
	objects = {

/* Begin PBXBuildFile section */
		CA4501B829EE61BD00D37E9A /* AppDelegate.swift in Sources */ = {isa = PBXBuildFile; fileRef = CA4501B729EE61BD00D37E9A /* AppDelegate.swift */; };
		CA4501BA29EE61BD00D37E9A /* SceneDelegate.swift in Sources */ = {isa = PBXBuildFile; fileRef = CA4501B929EE61BD00D37E9A /* SceneDelegate.swift */; };
		CA4501C129EE61BF00D37E9A /* Assets.xcassets in Resources */ = {isa = PBXBuildFile; fileRef = CA4501C029EE61BF00D37E9A /* Assets.xcassets */; };
		CA4501C429EE61BF00D37E9A /* LaunchScreen.storyboard in Resources */ = {isa = PBXBuildFile; fileRef = CA4501C229EE61BF00D37E9A /* LaunchScreen.storyboard */; };
		CA4501CF29EE626C00D37E9A /* Todo.swift in Sources */ = {isa = PBXBuildFile; fileRef = CA4501CE29EE626C00D37E9A /* Todo.swift */; };
		CA4501D129EE631600D37E9A /* GetTodosUseCase.swift in Sources */ = {isa = PBXBuildFile; fileRef = CA4501D029EE631600D37E9A /* GetTodosUseCase.swift */; };
		CA4501D429EE652000D37E9A /* GetTodosSource.swift in Sources */ = {isa = PBXBuildFile; fileRef = CA4501D329EE652000D37E9A /* GetTodosSource.swift */; };
		CA4501D729EE66AF00D37E9A /* GetTodoError.swift in Sources */ = {isa = PBXBuildFile; fileRef = CA4501D629EE66AF00D37E9A /* GetTodoError.swift */; };
		CA4501DF29EE695000D37E9A /* GetTodosUseCaseTests.swift in Sources */ = {isa = PBXBuildFile; fileRef = CA4501DE29EE695000D37E9A /* GetTodosUseCaseTests.swift */; };
		CA4501E829EE6B8300D37E9A /* XCTestCase+Extensions.swift in Sources */ = {isa = PBXBuildFile; fileRef = CA4501E729EE6B8300D37E9A /* XCTestCase+Extensions.swift */; };
		CA4501EE29EE71C100D37E9A /* TodosDataSourceRemote.swift in Sources */ = {isa = PBXBuildFile; fileRef = CA4501ED29EE71C100D37E9A /* TodosDataSourceRemote.swift */; };
		CA4501F029EE727100D37E9A /* TodosDataSourceLocal.swift in Sources */ = {isa = PBXBuildFile; fileRef = CA4501EF29EE727100D37E9A /* TodosDataSourceLocal.swift */; };
		CA4501F229EE733600D37E9A /* GetTodosRepository.swift in Sources */ = {isa = PBXBuildFile; fileRef = CA4501F129EE733600D37E9A /* GetTodosRepository.swift */; };
		CAAB8B5129EEFCBB003D4399 /* HomeViewModel.swift in Sources */ = {isa = PBXBuildFile; fileRef = CAAB8B5029EEFCBB003D4399 /* HomeViewModel.swift */; };
		CAAB8B5429EF00CA003D4399 /* HomeViewModelTests.swift in Sources */ = {isa = PBXBuildFile; fileRef = CAAB8B5329EF00CA003D4399 /* HomeViewModelTests.swift */; };
		CAAB8B5A29EF1387003D4399 /* TodosService.swift in Sources */ = {isa = PBXBuildFile; fileRef = CAAB8B5929EF1387003D4399 /* TodosService.swift */; };
		CAAB8B5C29EF1528003D4399 /* TodosServiceImp.swift in Sources */ = {isa = PBXBuildFile; fileRef = CAAB8B5B29EF1528003D4399 /* TodosServiceImp.swift */; };
		CAAB8B5E29EF1A24003D4399 /* TodosRemoteDataGateway.swift in Sources */ = {isa = PBXBuildFile; fileRef = CAAB8B5D29EF1A24003D4399 /* TodosRemoteDataGateway.swift */; };
		CAAB8B6029EF1BD7003D4399 /* TodosDb.swift in Sources */ = {isa = PBXBuildFile; fileRef = CAAB8B5F29EF1BD7003D4399 /* TodosDb.swift */; };
		CAAB8B6229EF1CA0003D4399 /* UpdateTodoError.swift in Sources */ = {isa = PBXBuildFile; fileRef = CAAB8B6129EF1CA0003D4399 /* UpdateTodoError.swift */; };
		CAAB8B6429EF1F9E003D4399 /* TodosDbImp.swift in Sources */ = {isa = PBXBuildFile; fileRef = CAAB8B6329EF1F9E003D4399 /* TodosDbImp.swift */; };
		CAAB8B6629EF2114003D4399 /* TodosDbDataGateway.swift in Sources */ = {isa = PBXBuildFile; fileRef = CAAB8B6529EF2114003D4399 /* TodosDbDataGateway.swift */; };
		CAAB8B6829EF2727003D4399 /* HomeView.swift in Sources */ = {isa = PBXBuildFile; fileRef = CAAB8B6729EF2727003D4399 /* HomeView.swift */; };
		CAAB8B6D29EF34E8003D4399 /* Coordinator.swift in Sources */ = {isa = PBXBuildFile; fileRef = CAAB8B6C29EF34E8003D4399 /* Coordinator.swift */; };
		CAAB8B6F29EF3583003D4399 /* AppFactory.swift in Sources */ = {isa = PBXBuildFile; fileRef = CAAB8B6E29EF3583003D4399 /* AppFactory.swift */; };
		CAAB8B7129EF35BD003D4399 /* HomeFactory.swift in Sources */ = {isa = PBXBuildFile; fileRef = CAAB8B7029EF35BD003D4399 /* HomeFactory.swift */; };
		CAAB8B7329EF363B003D4399 /* AppCoordinator.swift in Sources */ = {isa = PBXBuildFile; fileRef = CAAB8B7229EF363B003D4399 /* AppCoordinator.swift */; };
		CAAB8B7629EF37B8003D4399 /* CoordinatorScreens.swift in Sources */ = {isa = PBXBuildFile; fileRef = CAAB8B7529EF37B8003D4399 /* CoordinatorScreens.swift */; };
		CAAEBC4729EF6D9500C0D4A4 /* TodosServiceImpTests.swift in Sources */ = {isa = PBXBuildFile; fileRef = CAAEBC4629EF6D9500C0D4A4 /* TodosServiceImpTests.swift */; };
		CAB35D5329EF75B500F4CD47 /* URLProtocolStub.swift in Sources */ = {isa = PBXBuildFile; fileRef = CAB35D5229EF75B500F4CD47 /* URLProtocolStub.swift */; };
		CAB4F26C29EEE73400E426D7 /* GetTodosRepositoryTests.swift in Sources */ = {isa = PBXBuildFile; fileRef = CAB4F26B29EEE73400E426D7 /* GetTodosRepositoryTests.swift */; };
/* End PBXBuildFile section */

/* Begin PBXContainerItemProxy section */
		CA4501E029EE695000D37E9A /* PBXContainerItemProxy */ = {
			isa = PBXContainerItemProxy;
			containerPortal = CA4501AC29EE61BD00D37E9A /* Project object */;
			proxyType = 1;
			remoteGlobalIDString = CA4501B329EE61BD00D37E9A;
			remoteInfo = MMA;
		};
/* End PBXContainerItemProxy section */

/* Begin PBXFileReference section */
		CA4501B429EE61BD00D37E9A /* MMA.app */ = {isa = PBXFileReference; explicitFileType = wrapper.application; includeInIndex = 0; path = MMA.app; sourceTree = BUILT_PRODUCTS_DIR; };
		CA4501B729EE61BD00D37E9A /* AppDelegate.swift */ = {isa = PBXFileReference; lastKnownFileType = sourcecode.swift; path = AppDelegate.swift; sourceTree = "<group>"; };
		CA4501B929EE61BD00D37E9A /* SceneDelegate.swift */ = {isa = PBXFileReference; lastKnownFileType = sourcecode.swift; path = SceneDelegate.swift; sourceTree = "<group>"; };
		CA4501C029EE61BF00D37E9A /* Assets.xcassets */ = {isa = PBXFileReference; lastKnownFileType = folder.assetcatalog; path = Assets.xcassets; sourceTree = "<group>"; };
		CA4501C329EE61BF00D37E9A /* Base */ = {isa = PBXFileReference; lastKnownFileType = file.storyboard; name = Base; path = Base.lproj/LaunchScreen.storyboard; sourceTree = "<group>"; };
		CA4501C529EE61BF00D37E9A /* Info.plist */ = {isa = PBXFileReference; lastKnownFileType = text.plist.xml; path = Info.plist; sourceTree = "<group>"; };
		CA4501CE29EE626C00D37E9A /* Todo.swift */ = {isa = PBXFileReference; lastKnownFileType = sourcecode.swift; path = Todo.swift; sourceTree = "<group>"; };
		CA4501D029EE631600D37E9A /* GetTodosUseCase.swift */ = {isa = PBXFileReference; lastKnownFileType = sourcecode.swift; path = GetTodosUseCase.swift; sourceTree = "<group>"; };
		CA4501D329EE652000D37E9A /* GetTodosSource.swift */ = {isa = PBXFileReference; lastKnownFileType = sourcecode.swift; path = GetTodosSource.swift; sourceTree = "<group>"; };
		CA4501D629EE66AF00D37E9A /* GetTodoError.swift */ = {isa = PBXFileReference; lastKnownFileType = sourcecode.swift; path = GetTodoError.swift; sourceTree = "<group>"; };
		CA4501DC29EE695000D37E9A /* MMATests.xctest */ = {isa = PBXFileReference; explicitFileType = wrapper.cfbundle; includeInIndex = 0; path = MMATests.xctest; sourceTree = BUILT_PRODUCTS_DIR; };
		CA4501DE29EE695000D37E9A /* GetTodosUseCaseTests.swift */ = {isa = PBXFileReference; lastKnownFileType = sourcecode.swift; path = GetTodosUseCaseTests.swift; sourceTree = "<group>"; };
		CA4501E729EE6B8300D37E9A /* XCTestCase+Extensions.swift */ = {isa = PBXFileReference; lastKnownFileType = sourcecode.swift; path = "XCTestCase+Extensions.swift"; sourceTree = "<group>"; };
		CA4501ED29EE71C100D37E9A /* TodosDataSourceRemote.swift */ = {isa = PBXFileReference; lastKnownFileType = sourcecode.swift; path = TodosDataSourceRemote.swift; sourceTree = "<group>"; };
		CA4501EF29EE727100D37E9A /* TodosDataSourceLocal.swift */ = {isa = PBXFileReference; lastKnownFileType = sourcecode.swift; path = TodosDataSourceLocal.swift; sourceTree = "<group>"; };
		CA4501F129EE733600D37E9A /* GetTodosRepository.swift */ = {isa = PBXFileReference; lastKnownFileType = sourcecode.swift; path = GetTodosRepository.swift; sourceTree = "<group>"; };
		CAAB8B5029EEFCBB003D4399 /* HomeViewModel.swift */ = {isa = PBXFileReference; lastKnownFileType = sourcecode.swift; path = HomeViewModel.swift; sourceTree = "<group>"; };
		CAAB8B5329EF00CA003D4399 /* HomeViewModelTests.swift */ = {isa = PBXFileReference; lastKnownFileType = sourcecode.swift; path = HomeViewModelTests.swift; sourceTree = "<group>"; };
		CAAB8B5929EF1387003D4399 /* TodosService.swift */ = {isa = PBXFileReference; lastKnownFileType = sourcecode.swift; path = TodosService.swift; sourceTree = "<group>"; };
		CAAB8B5B29EF1528003D4399 /* TodosServiceImp.swift */ = {isa = PBXFileReference; lastKnownFileType = sourcecode.swift; path = TodosServiceImp.swift; sourceTree = "<group>"; };
		CAAB8B5D29EF1A24003D4399 /* TodosRemoteDataGateway.swift */ = {isa = PBXFileReference; lastKnownFileType = sourcecode.swift; path = TodosRemoteDataGateway.swift; sourceTree = "<group>"; };
		CAAB8B5F29EF1BD7003D4399 /* TodosDb.swift */ = {isa = PBXFileReference; lastKnownFileType = sourcecode.swift; path = TodosDb.swift; sourceTree = "<group>"; };
		CAAB8B6129EF1CA0003D4399 /* UpdateTodoError.swift */ = {isa = PBXFileReference; lastKnownFileType = sourcecode.swift; path = UpdateTodoError.swift; sourceTree = "<group>"; };
		CAAB8B6329EF1F9E003D4399 /* TodosDbImp.swift */ = {isa = PBXFileReference; lastKnownFileType = sourcecode.swift; path = TodosDbImp.swift; sourceTree = "<group>"; };
		CAAB8B6529EF2114003D4399 /* TodosDbDataGateway.swift */ = {isa = PBXFileReference; lastKnownFileType = sourcecode.swift; path = TodosDbDataGateway.swift; sourceTree = "<group>"; };
		CAAB8B6729EF2727003D4399 /* HomeView.swift */ = {isa = PBXFileReference; lastKnownFileType = sourcecode.swift; path = HomeView.swift; sourceTree = "<group>"; };
		CAAB8B6C29EF34E8003D4399 /* Coordinator.swift */ = {isa = PBXFileReference; lastKnownFileType = sourcecode.swift; path = Coordinator.swift; sourceTree = "<group>"; };
		CAAB8B6E29EF3583003D4399 /* AppFactory.swift */ = {isa = PBXFileReference; lastKnownFileType = sourcecode.swift; path = AppFactory.swift; sourceTree = "<group>"; };
		CAAB8B7029EF35BD003D4399 /* HomeFactory.swift */ = {isa = PBXFileReference; lastKnownFileType = sourcecode.swift; path = HomeFactory.swift; sourceTree = "<group>"; };
		CAAB8B7229EF363B003D4399 /* AppCoordinator.swift */ = {isa = PBXFileReference; lastKnownFileType = sourcecode.swift; path = AppCoordinator.swift; sourceTree = "<group>"; };
		CAAB8B7529EF37B8003D4399 /* CoordinatorScreens.swift */ = {isa = PBXFileReference; lastKnownFileType = sourcecode.swift; path = CoordinatorScreens.swift; sourceTree = "<group>"; };
		CAAEBC4629EF6D9500C0D4A4 /* TodosServiceImpTests.swift */ = {isa = PBXFileReference; lastKnownFileType = sourcecode.swift; path = TodosServiceImpTests.swift; sourceTree = "<group>"; };
		CAB35D5229EF75B500F4CD47 /* URLProtocolStub.swift */ = {isa = PBXFileReference; lastKnownFileType = sourcecode.swift; path = URLProtocolStub.swift; sourceTree = "<group>"; };
		CAB4F26B29EEE73400E426D7 /* GetTodosRepositoryTests.swift */ = {isa = PBXFileReference; lastKnownFileType = sourcecode.swift; path = GetTodosRepositoryTests.swift; sourceTree = "<group>"; };
/* End PBXFileReference section */

/* Begin PBXFrameworksBuildPhase section */
		CA4501B129EE61BD00D37E9A /* Frameworks */ = {
			isa = PBXFrameworksBuildPhase;
			buildActionMask = 2147483647;
			files = (
			);
			runOnlyForDeploymentPostprocessing = 0;
		};
		CA4501D929EE695000D37E9A /* Frameworks */ = {
			isa = PBXFrameworksBuildPhase;
			buildActionMask = 2147483647;
			files = (
			);
			runOnlyForDeploymentPostprocessing = 0;
		};
/* End PBXFrameworksBuildPhase section */

/* Begin PBXGroup section */
		CA4501AB29EE61BD00D37E9A = {
			isa = PBXGroup;
			children = (
				CA4501B629EE61BD00D37E9A /* MMA */,
				CA4501DD29EE695000D37E9A /* MMATests */,
				CA4501B529EE61BD00D37E9A /* Products */,
			);
			sourceTree = "<group>";
		};
		CA4501B529EE61BD00D37E9A /* Products */ = {
			isa = PBXGroup;
			children = (
				CA4501B429EE61BD00D37E9A /* MMA.app */,
				CA4501DC29EE695000D37E9A /* MMATests.xctest */,
			);
			name = Products;
			sourceTree = "<group>";
		};
		CA4501B629EE61BD00D37E9A /* MMA */ = {
			isa = PBXGroup;
			children = (
				CAAB8B6B29EF34D2003D4399 /* Factories */,
				CAAB8B6A29EF34CD003D4399 /* Coordinator */,
				CAAB8B6929EF34B3003D4399 /* Home */,
				CA4501B729EE61BD00D37E9A /* AppDelegate.swift */,
				CA4501B929EE61BD00D37E9A /* SceneDelegate.swift */,
				CA4501C029EE61BF00D37E9A /* Assets.xcassets */,
				CA4501C229EE61BF00D37E9A /* LaunchScreen.storyboard */,
				CA4501C529EE61BF00D37E9A /* Info.plist */,
			);
			path = MMA;
			sourceTree = "<group>";
		};
		CA4501CB29EE620C00D37E9A /* Domain */ = {
			isa = PBXGroup;
			children = (
				CA4501CD29EE621900D37E9A /* Use Cases */,
				CA4501CC29EE621300D37E9A /* Entities */,
			);
			path = Domain;
			sourceTree = "<group>";
		};
		CA4501CC29EE621300D37E9A /* Entities */ = {
			isa = PBXGroup;
			children = (
				CA4501CE29EE626C00D37E9A /* Todo.swift */,
				CA4501D529EE66A600D37E9A /* Errors */,
			);
			path = Entities;
			sourceTree = "<group>";
		};
		CA4501CD29EE621900D37E9A /* Use Cases */ = {
			isa = PBXGroup;
			children = (
				CA4501D029EE631600D37E9A /* GetTodosUseCase.swift */,
				CA4501D229EE64F200D37E9A /* Data Sources */,
			);
			path = "Use Cases";
			sourceTree = "<group>";
		};
		CA4501D229EE64F200D37E9A /* Data Sources */ = {
			isa = PBXGroup;
			children = (
				CA4501D329EE652000D37E9A /* GetTodosSource.swift */,
			);
			path = "Data Sources";
			sourceTree = "<group>";
		};
		CA4501D529EE66A600D37E9A /* Errors */ = {
			isa = PBXGroup;
			children = (
				CA4501D629EE66AF00D37E9A /* GetTodoError.swift */,
				CAAB8B6129EF1CA0003D4399 /* UpdateTodoError.swift */,
			);
			path = Errors;
			sourceTree = "<group>";
		};
		CA4501DD29EE695000D37E9A /* MMATests */ = {
			isa = PBXGroup;
			children = (
				CAAEBC4429EF6D8400C0D4A4 /* Framework */,
				CAAB8B5229EF008D003D4399 /* Presentation */,
				CAB4F26629EEE6E500E426D7 /* Data */,
				CA4501E629EE6B5A00D37E9A /* Helpers */,
				CA4501E529EE695C00D37E9A /* Domain */,
			);
			path = MMATests;
			sourceTree = "<group>";
		};
		CA4501E529EE695C00D37E9A /* Domain */ = {
			isa = PBXGroup;
			children = (
				CA4501DE29EE695000D37E9A /* GetTodosUseCaseTests.swift */,
			);
			path = Domain;
			sourceTree = "<group>";
		};
		CA4501E629EE6B5A00D37E9A /* Helpers */ = {
			isa = PBXGroup;
			children = (
				CA4501E729EE6B8300D37E9A /* XCTestCase+Extensions.swift */,
				CAB35D5229EF75B500F4CD47 /* URLProtocolStub.swift */,
			);
			path = Helpers;
			sourceTree = "<group>";
		};
		CA4501E929EE715900D37E9A /* Data */ = {
			isa = PBXGroup;
			children = (
				CA4501EC29EE716A00D37E9A /* Repository */,
				CA4501EB29EE716000D37E9A /* Remote */,
				CA4501EA29EE715D00D37E9A /* Local */,
			);
			path = Data;
			sourceTree = "<group>";
		};
		CA4501EA29EE715D00D37E9A /* Local */ = {
			isa = PBXGroup;
			children = (
				CA4501EF29EE727100D37E9A /* TodosDataSourceLocal.swift */,
			);
			path = Local;
			sourceTree = "<group>";
		};
		CA4501EB29EE716000D37E9A /* Remote */ = {
			isa = PBXGroup;
			children = (
				CA4501ED29EE71C100D37E9A /* TodosDataSourceRemote.swift */,
			);
			path = Remote;
			sourceTree = "<group>";
		};
		CA4501EC29EE716A00D37E9A /* Repository */ = {
			isa = PBXGroup;
			children = (
				CA4501F129EE733600D37E9A /* GetTodosRepository.swift */,
			);
			path = Repository;
			sourceTree = "<group>";
		};
		CAAB8B4F29EEFC89003D4399 /* Presentation */ = {
			isa = PBXGroup;
			children = (
				CAAB8B5029EEFCBB003D4399 /* HomeViewModel.swift */,
			);
			path = Presentation;
			sourceTree = "<group>";
		};
		CAAB8B5229EF008D003D4399 /* Presentation */ = {
			isa = PBXGroup;
			children = (
				CAAB8B5329EF00CA003D4399 /* HomeViewModelTests.swift */,
			);
			path = Presentation;
			sourceTree = "<group>";
		};
		CAAB8B5529EF0EF1003D4399 /* Framework */ = {
			isa = PBXGroup;
			children = (
				CAAB8B5829EF0F13003D4399 /* Views */,
				CAAB8B5729EF0F0F003D4399 /* Local */,
				CAAB8B5629EF0F0A003D4399 /* Remote */,
			);
			path = Framework;
			sourceTree = "<group>";
		};
		CAAB8B5629EF0F0A003D4399 /* Remote */ = {
			isa = PBXGroup;
			children = (
				CAAB8B5929EF1387003D4399 /* TodosService.swift */,
				CAAB8B5D29EF1A24003D4399 /* TodosRemoteDataGateway.swift */,
				CAAB8B5B29EF1528003D4399 /* TodosServiceImp.swift */,
			);
			path = Remote;
			sourceTree = "<group>";
		};
		CAAB8B5729EF0F0F003D4399 /* Local */ = {
			isa = PBXGroup;
			children = (
				CAAB8B5F29EF1BD7003D4399 /* TodosDb.swift */,
				CAAB8B6329EF1F9E003D4399 /* TodosDbImp.swift */,
				CAAB8B6529EF2114003D4399 /* TodosDbDataGateway.swift */,
			);
			path = Local;
			sourceTree = "<group>";
		};
		CAAB8B5829EF0F13003D4399 /* Views */ = {
			isa = PBXGroup;
			children = (
				CAAB8B6729EF2727003D4399 /* HomeView.swift */,
			);
			path = Views;
			sourceTree = "<group>";
		};
		CAAB8B6929EF34B3003D4399 /* Home */ = {
			isa = PBXGroup;
			children = (
				CAAB8B5529EF0EF1003D4399 /* Framework */,
				CAAB8B4F29EEFC89003D4399 /* Presentation */,
				CA4501E929EE715900D37E9A /* Data */,
				CA4501CB29EE620C00D37E9A /* Domain */,
			);
			path = Home;
			sourceTree = "<group>";
		};
		CAAB8B6A29EF34CD003D4399 /* Coordinator */ = {
			isa = PBXGroup;
			children = (
				CAAB8B7429EF37A8003D4399 /* CoordinatorScreens */,
				CAAB8B6C29EF34E8003D4399 /* Coordinator.swift */,
				CAAB8B7229EF363B003D4399 /* AppCoordinator.swift */,
			);
			path = Coordinator;
			sourceTree = "<group>";
		};
		CAAB8B6B29EF34D2003D4399 /* Factories */ = {
			isa = PBXGroup;
			children = (
				CAAB8B6E29EF3583003D4399 /* AppFactory.swift */,
				CAAB8B7029EF35BD003D4399 /* HomeFactory.swift */,
			);
			path = Factories;
			sourceTree = "<group>";
		};
		CAAB8B7429EF37A8003D4399 /* CoordinatorScreens */ = {
			isa = PBXGroup;
			children = (
				CAAB8B7529EF37B8003D4399 /* CoordinatorScreens.swift */,
			);
			path = CoordinatorScreens;
			sourceTree = "<group>";
		};
		CAAEBC4429EF6D8400C0D4A4 /* Framework */ = {
			isa = PBXGroup;
			children = (
				CAAEBC4529EF6D8800C0D4A4 /* Remote */,
			);
			path = Framework;
			sourceTree = "<group>";
		};
		CAAEBC4529EF6D8800C0D4A4 /* Remote */ = {
			isa = PBXGroup;
			children = (
				CAAEBC4629EF6D9500C0D4A4 /* TodosServiceImpTests.swift */,
			);
			path = Remote;
			sourceTree = "<group>";
		};
		CAB4F26629EEE6E500E426D7 /* Data */ = {
			isa = PBXGroup;
			children = (
				CAB4F26B29EEE73400E426D7 /* GetTodosRepositoryTests.swift */,
			);
			path = Data;
			sourceTree = "<group>";
		};
/* End PBXGroup section */

/* Begin PBXNativeTarget section */
		CA4501B329EE61BD00D37E9A /* MMA */ = {
			isa = PBXNativeTarget;
			buildConfigurationList = CA4501C829EE61BF00D37E9A /* Build configuration list for PBXNativeTarget "MMA" */;
			buildPhases = (
				CA4501B029EE61BD00D37E9A /* Sources */,
				CA4501B129EE61BD00D37E9A /* Frameworks */,
				CA4501B229EE61BD00D37E9A /* Resources */,
			);
			buildRules = (
			);
			dependencies = (
			);
			name = MMA;
			productName = MMA;
			productReference = CA4501B429EE61BD00D37E9A /* MMA.app */;
			productType = "com.apple.product-type.application";
		};
		CA4501DB29EE695000D37E9A /* MMATests */ = {
			isa = PBXNativeTarget;
			buildConfigurationList = CA4501E229EE695000D37E9A /* Build configuration list for PBXNativeTarget "MMATests" */;
			buildPhases = (
				CA4501D829EE695000D37E9A /* Sources */,
				CA4501D929EE695000D37E9A /* Frameworks */,
				CA4501DA29EE695000D37E9A /* Resources */,
			);
			buildRules = (
			);
			dependencies = (
				CA4501E129EE695000D37E9A /* PBXTargetDependency */,
			);
			name = MMATests;
			productName = MMATests;
			productReference = CA4501DC29EE695000D37E9A /* MMATests.xctest */;
			productType = "com.apple.product-type.bundle.unit-test";
		};
/* End PBXNativeTarget section */

/* Begin PBXProject section */
		CA4501AC29EE61BD00D37E9A /* Project object */ = {
			isa = PBXProject;
			attributes = {
				BuildIndependentTargetsInParallel = 1;
				LastSwiftUpdateCheck = 1430;
				LastUpgradeCheck = 1430;
				TargetAttributes = {
					CA4501B329EE61BD00D37E9A = {
						CreatedOnToolsVersion = 14.3;
					};
					CA4501DB29EE695000D37E9A = {
						CreatedOnToolsVersion = 14.3;
						TestTargetID = CA4501B329EE61BD00D37E9A;
					};
				};
			};
			buildConfigurationList = CA4501AF29EE61BD00D37E9A /* Build configuration list for PBXProject "MMA" */;
			compatibilityVersion = "Xcode 14.0";
			developmentRegion = en;
			hasScannedForEncodings = 0;
			knownRegions = (
				en,
				Base,
			);
			mainGroup = CA4501AB29EE61BD00D37E9A;
			productRefGroup = CA4501B529EE61BD00D37E9A /* Products */;
			projectDirPath = "";
			projectRoot = "";
			targets = (
				CA4501B329EE61BD00D37E9A /* MMA */,
				CA4501DB29EE695000D37E9A /* MMATests */,
			);
		};
/* End PBXProject section */

/* Begin PBXResourcesBuildPhase section */
		CA4501B229EE61BD00D37E9A /* Resources */ = {
			isa = PBXResourcesBuildPhase;
			buildActionMask = 2147483647;
			files = (
				CA4501C429EE61BF00D37E9A /* LaunchScreen.storyboard in Resources */,
				CA4501C129EE61BF00D37E9A /* Assets.xcassets in Resources */,
			);
			runOnlyForDeploymentPostprocessing = 0;
		};
		CA4501DA29EE695000D37E9A /* Resources */ = {
			isa = PBXResourcesBuildPhase;
			buildActionMask = 2147483647;
			files = (
			);
			runOnlyForDeploymentPostprocessing = 0;
		};
/* End PBXResourcesBuildPhase section */

/* Begin PBXSourcesBuildPhase section */
		CA4501B029EE61BD00D37E9A /* Sources */ = {
			isa = PBXSourcesBuildPhase;
			buildActionMask = 2147483647;
			files = (
				CA4501D729EE66AF00D37E9A /* GetTodoError.swift in Sources */,
				CAAB8B7129EF35BD003D4399 /* HomeFactory.swift in Sources */,
				CAAB8B5129EEFCBB003D4399 /* HomeViewModel.swift in Sources */,
				CAAB8B6229EF1CA0003D4399 /* UpdateTodoError.swift in Sources */,
				CAAB8B6629EF2114003D4399 /* TodosDbDataGateway.swift in Sources */,
				CAAB8B7329EF363B003D4399 /* AppCoordinator.swift in Sources */,
				CAAB8B5A29EF1387003D4399 /* TodosService.swift in Sources */,
				CA4501D129EE631600D37E9A /* GetTodosUseCase.swift in Sources */,
				CA4501B829EE61BD00D37E9A /* AppDelegate.swift in Sources */,
				CAAB8B7629EF37B8003D4399 /* CoordinatorScreens.swift in Sources */,
				CAAB8B5E29EF1A24003D4399 /* TodosRemoteDataGateway.swift in Sources */,
				CA4501F229EE733600D37E9A /* GetTodosRepository.swift in Sources */,
				CAAB8B5C29EF1528003D4399 /* TodosServiceImp.swift in Sources */,
				CA4501BA29EE61BD00D37E9A /* SceneDelegate.swift in Sources */,
				CAAB8B6F29EF3583003D4399 /* AppFactory.swift in Sources */,
				CAAB8B6D29EF34E8003D4399 /* Coordinator.swift in Sources */,
				CA4501CF29EE626C00D37E9A /* Todo.swift in Sources */,
				CA4501F029EE727100D37E9A /* TodosDataSourceLocal.swift in Sources */,
				CA4501EE29EE71C100D37E9A /* TodosDataSourceRemote.swift in Sources */,
				CAAB8B6029EF1BD7003D4399 /* TodosDb.swift in Sources */,
				CA4501D429EE652000D37E9A /* GetTodosSource.swift in Sources */,
				CAAB8B6429EF1F9E003D4399 /* TodosDbImp.swift in Sources */,
				CAAB8B6829EF2727003D4399 /* HomeView.swift in Sources */,
			);
			runOnlyForDeploymentPostprocessing = 0;
		};
		CA4501D829EE695000D37E9A /* Sources */ = {
			isa = PBXSourcesBuildPhase;
			buildActionMask = 2147483647;
			files = (
				CAAEBC4729EF6D9500C0D4A4 /* TodosServiceImpTests.swift in Sources */,
				CAB35D5329EF75B500F4CD47 /* URLProtocolStub.swift in Sources */,
				CA4501E829EE6B8300D37E9A /* XCTestCase+Extensions.swift in Sources */,
				CAB4F26C29EEE73400E426D7 /* GetTodosRepositoryTests.swift in Sources */,
				CA4501DF29EE695000D37E9A /* GetTodosUseCaseTests.swift in Sources */,
				CAAB8B5429EF00CA003D4399 /* HomeViewModelTests.swift in Sources */,
			);
			runOnlyForDeploymentPostprocessing = 0;
		};
/* End PBXSourcesBuildPhase section */

/* Begin PBXTargetDependency section */
		CA4501E129EE695000D37E9A /* PBXTargetDependency */ = {
			isa = PBXTargetDependency;
			target = CA4501B329EE61BD00D37E9A /* MMA */;
			targetProxy = CA4501E029EE695000D37E9A /* PBXContainerItemProxy */;
		};
/* End PBXTargetDependency section */

/* Begin PBXVariantGroup section */
		CA4501C229EE61BF00D37E9A /* LaunchScreen.storyboard */ = {
			isa = PBXVariantGroup;
			children = (
				CA4501C329EE61BF00D37E9A /* Base */,
			);
			name = LaunchScreen.storyboard;
			sourceTree = "<group>";
		};
/* End PBXVariantGroup section */

/* Begin XCBuildConfiguration section */
		CA4501C629EE61BF00D37E9A /* Debug */ = {
			isa = XCBuildConfiguration;
			buildSettings = {
				ALWAYS_SEARCH_USER_PATHS = NO;
				CLANG_ANALYZER_NONNULL = YES;
				CLANG_ANALYZER_NUMBER_OBJECT_CONVERSION = YES_AGGRESSIVE;
				CLANG_CXX_LANGUAGE_STANDARD = "gnu++20";
				CLANG_ENABLE_MODULES = YES;
				CLANG_ENABLE_OBJC_ARC = YES;
				CLANG_ENABLE_OBJC_WEAK = YES;
				CLANG_WARN_BLOCK_CAPTURE_AUTORELEASING = YES;
				CLANG_WARN_BOOL_CONVERSION = YES;
				CLANG_WARN_COMMA = YES;
				CLANG_WARN_CONSTANT_CONVERSION = YES;
				CLANG_WARN_DEPRECATED_OBJC_IMPLEMENTATIONS = YES;
				CLANG_WARN_DIRECT_OBJC_ISA_USAGE = YES_ERROR;
				CLANG_WARN_DOCUMENTATION_COMMENTS = YES;
				CLANG_WARN_EMPTY_BODY = YES;
				CLANG_WARN_ENUM_CONVERSION = YES;
				CLANG_WARN_INFINITE_RECURSION = YES;
				CLANG_WARN_INT_CONVERSION = YES;
				CLANG_WARN_NON_LITERAL_NULL_CONVERSION = YES;
				CLANG_WARN_OBJC_IMPLICIT_RETAIN_SELF = YES;
				CLANG_WARN_OBJC_LITERAL_CONVERSION = YES;
				CLANG_WARN_OBJC_ROOT_CLASS = YES_ERROR;
				CLANG_WARN_QUOTED_INCLUDE_IN_FRAMEWORK_HEADER = YES;
				CLANG_WARN_RANGE_LOOP_ANALYSIS = YES;
				CLANG_WARN_STRICT_PROTOTYPES = YES;
				CLANG_WARN_SUSPICIOUS_MOVE = YES;
				CLANG_WARN_UNGUARDED_AVAILABILITY = YES_AGGRESSIVE;
				CLANG_WARN_UNREACHABLE_CODE = YES;
				CLANG_WARN__DUPLICATE_METHOD_MATCH = YES;
				COPY_PHASE_STRIP = NO;
				DEBUG_INFORMATION_FORMAT = dwarf;
				ENABLE_STRICT_OBJC_MSGSEND = YES;
				ENABLE_TESTABILITY = YES;
				GCC_C_LANGUAGE_STANDARD = gnu11;
				GCC_DYNAMIC_NO_PIC = NO;
				GCC_NO_COMMON_BLOCKS = YES;
				GCC_OPTIMIZATION_LEVEL = 0;
				GCC_PREPROCESSOR_DEFINITIONS = (
					"DEBUG=1",
					"$(inherited)",
				);
				GCC_WARN_64_TO_32_BIT_CONVERSION = YES;
				GCC_WARN_ABOUT_RETURN_TYPE = YES_ERROR;
				GCC_WARN_UNDECLARED_SELECTOR = YES;
				GCC_WARN_UNINITIALIZED_AUTOS = YES_AGGRESSIVE;
				GCC_WARN_UNUSED_FUNCTION = YES;
				GCC_WARN_UNUSED_VARIABLE = YES;
				IPHONEOS_DEPLOYMENT_TARGET = 16.4;
				MTL_ENABLE_DEBUG_INFO = INCLUDE_SOURCE;
				MTL_FAST_MATH = YES;
				ONLY_ACTIVE_ARCH = YES;
				SDKROOT = iphoneos;
				SWIFT_ACTIVE_COMPILATION_CONDITIONS = DEBUG;
				SWIFT_OPTIMIZATION_LEVEL = "-Onone";
			};
			name = Debug;
		};
		CA4501C729EE61BF00D37E9A /* Release */ = {
			isa = XCBuildConfiguration;
			buildSettings = {
				ALWAYS_SEARCH_USER_PATHS = NO;
				CLANG_ANALYZER_NONNULL = YES;
				CLANG_ANALYZER_NUMBER_OBJECT_CONVERSION = YES_AGGRESSIVE;
				CLANG_CXX_LANGUAGE_STANDARD = "gnu++20";
				CLANG_ENABLE_MODULES = YES;
				CLANG_ENABLE_OBJC_ARC = YES;
				CLANG_ENABLE_OBJC_WEAK = YES;
				CLANG_WARN_BLOCK_CAPTURE_AUTORELEASING = YES;
				CLANG_WARN_BOOL_CONVERSION = YES;
				CLANG_WARN_COMMA = YES;
				CLANG_WARN_CONSTANT_CONVERSION = YES;
				CLANG_WARN_DEPRECATED_OBJC_IMPLEMENTATIONS = YES;
				CLANG_WARN_DIRECT_OBJC_ISA_USAGE = YES_ERROR;
				CLANG_WARN_DOCUMENTATION_COMMENTS = YES;
				CLANG_WARN_EMPTY_BODY = YES;
				CLANG_WARN_ENUM_CONVERSION = YES;
				CLANG_WARN_INFINITE_RECURSION = YES;
				CLANG_WARN_INT_CONVERSION = YES;
				CLANG_WARN_NON_LITERAL_NULL_CONVERSION = YES;
				CLANG_WARN_OBJC_IMPLICIT_RETAIN_SELF = YES;
				CLANG_WARN_OBJC_LITERAL_CONVERSION = YES;
				CLANG_WARN_OBJC_ROOT_CLASS = YES_ERROR;
				CLANG_WARN_QUOTED_INCLUDE_IN_FRAMEWORK_HEADER = YES;
				CLANG_WARN_RANGE_LOOP_ANALYSIS = YES;
				CLANG_WARN_STRICT_PROTOTYPES = YES;
				CLANG_WARN_SUSPICIOUS_MOVE = YES;
				CLANG_WARN_UNGUARDED_AVAILABILITY = YES_AGGRESSIVE;
				CLANG_WARN_UNREACHABLE_CODE = YES;
				CLANG_WARN__DUPLICATE_METHOD_MATCH = YES;
				COPY_PHASE_STRIP = NO;
				DEBUG_INFORMATION_FORMAT = "dwarf-with-dsym";
				ENABLE_NS_ASSERTIONS = NO;
				ENABLE_STRICT_OBJC_MSGSEND = YES;
				GCC_C_LANGUAGE_STANDARD = gnu11;
				GCC_NO_COMMON_BLOCKS = YES;
				GCC_WARN_64_TO_32_BIT_CONVERSION = YES;
				GCC_WARN_ABOUT_RETURN_TYPE = YES_ERROR;
				GCC_WARN_UNDECLARED_SELECTOR = YES;
				GCC_WARN_UNINITIALIZED_AUTOS = YES_AGGRESSIVE;
				GCC_WARN_UNUSED_FUNCTION = YES;
				GCC_WARN_UNUSED_VARIABLE = YES;
				IPHONEOS_DEPLOYMENT_TARGET = 16.4;
				MTL_ENABLE_DEBUG_INFO = NO;
				MTL_FAST_MATH = YES;
				SDKROOT = iphoneos;
				SWIFT_COMPILATION_MODE = wholemodule;
				SWIFT_OPTIMIZATION_LEVEL = "-O";
				VALIDATE_PRODUCT = YES;
			};
			name = Release;
		};
		CA4501C929EE61BF00D37E9A /* Debug */ = {
			isa = XCBuildConfiguration;
			buildSettings = {
				ASSETCATALOG_COMPILER_APPICON_NAME = AppIcon;
				ASSETCATALOG_COMPILER_GLOBAL_ACCENT_COLOR_NAME = AccentColor;
				CODE_SIGN_STYLE = Automatic;
				CURRENT_PROJECT_VERSION = 1;
				DEVELOPMENT_TEAM = FVH6V77N95;
				GENERATE_INFOPLIST_FILE = YES;
				INFOPLIST_FILE = MMA/Info.plist;
				INFOPLIST_KEY_UIApplicationSupportsIndirectInputEvents = YES;
				INFOPLIST_KEY_UILaunchStoryboardName = LaunchScreen;
				INFOPLIST_KEY_UISupportedInterfaceOrientations_iPad = "UIInterfaceOrientationPortrait UIInterfaceOrientationPortraitUpsideDown UIInterfaceOrientationLandscapeLeft UIInterfaceOrientationLandscapeRight";
				INFOPLIST_KEY_UISupportedInterfaceOrientations_iPhone = "UIInterfaceOrientationPortrait UIInterfaceOrientationLandscapeLeft UIInterfaceOrientationLandscapeRight";
				LD_RUNPATH_SEARCH_PATHS = (
					"$(inherited)",
					"@executable_path/Frameworks",
				);
				MARKETING_VERSION = 1.0;
				PRODUCT_BUNDLE_IDENTIFIER = cesmejia.MMA;
				PRODUCT_NAME = "$(TARGET_NAME)";
				SWIFT_EMIT_LOC_STRINGS = YES;
				SWIFT_VERSION = 5.0;
				TARGETED_DEVICE_FAMILY = "1,2";
			};
			name = Debug;
		};
		CA4501CA29EE61BF00D37E9A /* Release */ = {
			isa = XCBuildConfiguration;
			buildSettings = {
				ASSETCATALOG_COMPILER_APPICON_NAME = AppIcon;
				ASSETCATALOG_COMPILER_GLOBAL_ACCENT_COLOR_NAME = AccentColor;
				CODE_SIGN_STYLE = Automatic;
				CURRENT_PROJECT_VERSION = 1;
				DEVELOPMENT_TEAM = FVH6V77N95;
				GENERATE_INFOPLIST_FILE = YES;
				INFOPLIST_FILE = MMA/Info.plist;
				INFOPLIST_KEY_UIApplicationSupportsIndirectInputEvents = YES;
				INFOPLIST_KEY_UILaunchStoryboardName = LaunchScreen;
				INFOPLIST_KEY_UISupportedInterfaceOrientations_iPad = "UIInterfaceOrientationPortrait UIInterfaceOrientationPortraitUpsideDown UIInterfaceOrientationLandscapeLeft UIInterfaceOrientationLandscapeRight";
				INFOPLIST_KEY_UISupportedInterfaceOrientations_iPhone = "UIInterfaceOrientationPortrait UIInterfaceOrientationLandscapeLeft UIInterfaceOrientationLandscapeRight";
				LD_RUNPATH_SEARCH_PATHS = (
					"$(inherited)",
					"@executable_path/Frameworks",
				);
				MARKETING_VERSION = 1.0;
				PRODUCT_BUNDLE_IDENTIFIER = cesmejia.MMA;
				PRODUCT_NAME = "$(TARGET_NAME)";
				SWIFT_EMIT_LOC_STRINGS = YES;
				SWIFT_VERSION = 5.0;
				TARGETED_DEVICE_FAMILY = "1,2";
			};
			name = Release;
		};
		CA4501E329EE695000D37E9A /* Debug */ = {
			isa = XCBuildConfiguration;
			buildSettings = {
				BUNDLE_LOADER = "$(TEST_HOST)";
				CODE_SIGN_STYLE = Automatic;
				CURRENT_PROJECT_VERSION = 1;
				DEVELOPMENT_TEAM = FVH6V77N95;
				GENERATE_INFOPLIST_FILE = YES;
				MARKETING_VERSION = 1.0;
				PRODUCT_BUNDLE_IDENTIFIER = cesmejia.MMATests;
				PRODUCT_NAME = "$(TARGET_NAME)";
				SWIFT_EMIT_LOC_STRINGS = NO;
				SWIFT_VERSION = 5.0;
				TARGETED_DEVICE_FAMILY = "1,2";
				TEST_HOST = "$(BUILT_PRODUCTS_DIR)/MMA.app/$(BUNDLE_EXECUTABLE_FOLDER_PATH)/MMA";
			};
			name = Debug;
		};
		CA4501E429EE695000D37E9A /* Release */ = {
			isa = XCBuildConfiguration;
			buildSettings = {
				BUNDLE_LOADER = "$(TEST_HOST)";
				CODE_SIGN_STYLE = Automatic;
				CURRENT_PROJECT_VERSION = 1;
				DEVELOPMENT_TEAM = FVH6V77N95;
				GENERATE_INFOPLIST_FILE = YES;
				MARKETING_VERSION = 1.0;
				PRODUCT_BUNDLE_IDENTIFIER = cesmejia.MMATests;
				PRODUCT_NAME = "$(TARGET_NAME)";
				SWIFT_EMIT_LOC_STRINGS = NO;
				SWIFT_VERSION = 5.0;
				TARGETED_DEVICE_FAMILY = "1,2";
				TEST_HOST = "$(BUILT_PRODUCTS_DIR)/MMA.app/$(BUNDLE_EXECUTABLE_FOLDER_PATH)/MMA";
			};
			name = Release;
		};
/* End XCBuildConfiguration section */

/* Begin XCConfigurationList section */
		CA4501AF29EE61BD00D37E9A /* Build configuration list for PBXProject "MMA" */ = {
			isa = XCConfigurationList;
			buildConfigurations = (
				CA4501C629EE61BF00D37E9A /* Debug */,
				CA4501C729EE61BF00D37E9A /* Release */,
			);
			defaultConfigurationIsVisible = 0;
			defaultConfigurationName = Release;
		};
		CA4501C829EE61BF00D37E9A /* Build configuration list for PBXNativeTarget "MMA" */ = {
			isa = XCConfigurationList;
			buildConfigurations = (
				CA4501C929EE61BF00D37E9A /* Debug */,
				CA4501CA29EE61BF00D37E9A /* Release */,
			);
			defaultConfigurationIsVisible = 0;
			defaultConfigurationName = Release;
		};
		CA4501E229EE695000D37E9A /* Build configuration list for PBXNativeTarget "MMATests" */ = {
			isa = XCConfigurationList;
			buildConfigurations = (
				CA4501E329EE695000D37E9A /* Debug */,
				CA4501E429EE695000D37E9A /* Release */,
			);
			defaultConfigurationIsVisible = 0;
			defaultConfigurationName = Release;
		};
/* End XCConfigurationList section */
	};
	rootObject = CA4501AC29EE61BD00D37E9A /* Project object */;
}
